
Microsoft Visual Studio Solution File, Format Version 12.00
# Visual Studio Version 17
VisualStudioVersion = 17.13.35931.197 d17.13
MinimumVisualStudioVersion = 10.0.40219.1
Project("{FAE04EC0-301F-11D3-BF4B-00C04F79EFBC}") = "practice3", "practice3\practice3.csproj", "{89BB19BE-7CAF-4821-A877-7E5AA4C5E1FC}"
EndProject
Global
	GlobalSection(SolutionConfigurationPlatforms) = preSolution
		Debug|Any CPU = Debug|Any CPU
		Release|Any CPU = Release|Any CPU
	EndGlobalSection
	GlobalSection(ProjectConfigurationPlatforms) = postSolution
		{89BB19BE-7CAF-4821-A877-7E5AA4C5E1FC}.Debug|Any CPU.ActiveCfg = Debug|Any CPU
		{89BB19BE-7CAF-4821-A877-7E5AA4C5E1FC}.Debug|Any CPU.Build.0 = Debug|Any CPU
		{89BB19BE-7CAF-4821-A877-7E5AA4C5E1FC}.Release|Any CPU.ActiveCfg = Release|Any CPU
		{89BB19BE-7CAF-4821-A877-7E5AA4C5E1FC}.Release|Any CPU.Build.0 = Release|Any CPU
	EndGlobalSection
	GlobalSection(SolutionProperties) = preSolution
		HideSolutionNode = FALSE
	EndGlobalSection
	GlobalSection(ExtensibilityGlobals) = postSolution
		SolutionGuid = {DEC15FBC-1022-4FA3-A5DD-33E3A08E4C8F}
	EndGlobalSection
EndGlobal
